{
  "name": "1415fee72ff6294b",
  "lockfileVersion": 3,
  "requires": true,
  "packages": {
    "": {
      "dependencies": {
        "create-vite": "^6.0.1"
      }
    },
    "node_modules/create-vite": {
      "version": "6.0.1",
      "resolved": "https://registry.npmjs.org/create-vite/-/create-vite-6.0.1.tgz",
      "integrity": "sha512-OO8rNsJ4M9kgdX5P/88JUPaSmOZBPr7K+3vU533GL5/i4ntIDfSJLpi3w4Kpu3mTeBQi7whMzXuEe9dRiIrrKA==",
      "license": "MIT",
      "bin": {
        "create-vite": "index.js",
        "cva": "index.js"
      },
      "engines": {
        "node": "^18.0.0 || ^20.0.0 || >=22.0.0"
      },
      "funding": {
        "url": "https://github.com/vitejs/vite?sponsor=1"
      }
    }
  }
}
